// !$*UTF8*$!
{
	archiveVersion = 1;
	classes = {
	};
	objectVersion = 50;
	objects = {

/* Begin PBXBuildFile section */
		A1E842C823CFA33C00A9A38A /* AppDelegate.swift in Sources */ = {isa = PBXBuildFile; fileRef = A1E842C723CFA33C00A9A38A /* AppDelegate.swift */; };
		A1E842CA23CFA33C00A9A38A /* SceneDelegate.swift in Sources */ = {isa = PBXBuildFile; fileRef = A1E842C923CFA33C00A9A38A /* SceneDelegate.swift */; };
		A1E842CC23CFA33C00A9A38A /* ViewController.swift in Sources */ = {isa = PBXBuildFile; fileRef = A1E842CB23CFA33C00A9A38A /* ViewController.swift */; };
		A1E842CF23CFA33C00A9A38A /* Main.storyboard in Resources */ = {isa = PBXBuildFile; fileRef = A1E842CD23CFA33C00A9A38A /* Main.storyboard */; };
		A1E842D123CFA33E00A9A38A /* Assets.xcassets in Resources */ = {isa = PBXBuildFile; fileRef = A1E842D023CFA33E00A9A38A /* Assets.xcassets */; };
		A1E842D423CFA33E00A9A38A /* LaunchScreen.storyboard in Resources */ = {isa = PBXBuildFile; fileRef = A1E842D223CFA33E00A9A38A /* LaunchScreen.storyboard */; };
		A1E842DD23CFA51D00A9A38A /* gato.jpeg in Resources */ = {isa = PBXBuildFile; fileRef = A1E842DB23CFA51D00A9A38A /* gato.jpeg */; };
		A1E842DE23CFA51D00A9A38A /* cat.mp3 in Resources */ = {isa = PBXBuildFile; fileRef = A1E842DC23CFA51D00A9A38A /* cat.mp3 */; };
/* End PBXBuildFile section */

/* Begin PBXFileReference section */
		A1E842C423CFA33C00A9A38A /* practica4.app */ = {isa = PBXFileReference; explicitFileType = wrapper.application; includeInIndex = 0; path = practica4.app; sourceTree = BUILT_PRODUCTS_DIR; };
		A1E842C723CFA33C00A9A38A /* AppDelegate.swift */ = {isa = PBXFileReference; lastKnownFileType = sourcecode.swift; path = AppDelegate.swift; sourceTree = "<group>"; };
		A1E842C923CFA33C00A9A38A /* SceneDelegate.swift */ = {isa = PBXFileReference; lastKnownFileType = sourcecode.swift; path = SceneDelegate.swift; sourceTree = "<group>"; };
		A1E842CB23CFA33C00A9A38A /* ViewController.swift */ = {isa = PBXFileReference; lastKnownFileType = sourcecode.swift; path = ViewController.swift; sourceTree = "<group>"; };
		A1E842CE23CFA33C00A9A38A /* Base */ = {isa = PBXFileReference; lastKnownFileType = file.storyboard; name = Base; path = Base.lproj/Main.storyboard; sourceTree = "<group>"; };
		A1E842D023CFA33E00A9A38A /* Assets.xcassets */ = {isa = PBXFileReference; lastKnownFileType = folder.assetcatalog; path = Assets.xcassets; sourceTree = "<group>"; };
		A1E842D323CFA33E00A9A38A /* Base */ = {isa = PBXFileReference; lastKnownFileType = file.storyboard; name = Base; path = Base.lproj/LaunchScreen.storyboard; sourceTree = "<group>"; };
		A1E842D523CFA33E00A9A38A /* Info.plist */ = {isa = PBXFileReference; lastKnownFileType = text.plist.xml; path = Info.plist; sourceTree = "<group>"; };
		A1E842DB23CFA51D00A9A38A /* gato.jpeg */ = {isa = PBXFileReference; lastKnownFileType = image.jpeg; path = gato.jpeg; sourceTree = "<group>"; };
		A1E842DC23CFA51D00A9A38A /* cat.mp3 */ = {isa = PBXFileReference; lastKnownFileType = audio.mp3; path = cat.mp3; sourceTree = "<group>"; };
/* End PBXFileReference section */

/* Begin PBXFrameworksBuildPhase section */
		A1E842C123CFA33C00A9A38A /* Frameworks */ = {
			isa = PBXFrameworksBuildPhase;
			buildActionMask = 2147483647;
			files = (
			);
			runOnlyForDeploymentPostprocessing = 0;
		};
/* End PBXFrameworksBuildPhase section */

/* Begin PBXGroup section */
		A1E842BB23CFA33C00A9A38A = {
			isa = PBXGroup;
			children = (
				A1E842C623CFA33C00A9A38A /* practica4 */,
				A1E842C523CFA33C00A9A38A /* Products */,
			);
			sourceTree = "<group>";
		};
		A1E842C523CFA33C00A9A38A /* Products */ = {
			isa = PBXGroup;
			children = (
				A1E842C423CFA33C00A9A38A /* practica4.app */,
			);
			name = Products;
			sourceTree = "<group>";
		};
		A1E842C623CFA33C00A9A38A /* practica4 */ = {
			isa = PBXGroup;
			children = (
				A1E842C723CFA33C00A9A38A /* AppDelegate.swift */,
				A1E842C923CFA33C00A9A38A /* SceneDelegate.swift */,
				A1E842CB23CFA33C00A9A38A /* ViewController.swift */,
				A1E842CD23CFA33C00A9A38A /* Main.storyboard */,
				A1E842D023CFA33E00A9A38A /* Assets.xcassets */,
				A1E842D223CFA33E00A9A38A /* LaunchScreen.storyboard */,
				A1E842D523CFA33E00A9A38A /* Info.plist */,
				A1E842DC23CFA51D00A9A38A /* cat.mp3 */,
				A1E842DB23CFA51D00A9A38A /* gato.jpeg */,
			);
			path = practica4;
			sourceTree = "<group>";
		};
/* End PBXGroup section */

/* Begin PBXNativeTarget section */
		A1E842C323CFA33C00A9A38A /* practica4 */ = {
			isa = PBXNativeTarget;
			buildConfigurationList = A1E842D823CFA33E00A9A38A /* Build configuration list for PBXNativeTarget "practica4" */;
			buildPhases = (
				A1E842C023CFA33C00A9A38A /* Sources */,
				A1E842C123CFA33C00A9A38A /* Frameworks */,
				A1E842C223CFA33C00A9A38A /* Resources */,
			);
			buildRules = (
			);
			dependencies = (
			);
			name = practica4;
			productName = practica4;
			productReference = A1E842C423CFA33C00A9A38A /* practica4.app */;
			productType = "com.apple.product-type.application";
		};
/* End PBXNativeTarget section */

/* Begin PBXProject section */
		A1E842BC23CFA33C00A9A38A /* Project object */ = {
			isa = PBXProject;
			attributes = {
				LastSwiftUpdateCheck = 1120;
				LastUpgradeCheck = 1120;
				ORGANIZATIONNAME = Moviles;
				TargetAttributes = {
					A1E842C323CFA33C00A9A38A = {
						CreatedOnToolsVersion = 11.2.1;
					};
				};
			};
			buildConfigurationList = A1E842BF23CFA33C00A9A38A /* Build configuration list for PBXProject "practica4" */;
			compatibilityVersion = "Xcode 9.3";
			developmentRegion = en;
			hasScannedForEncodings = 0;
			knownRegions = (
				en,
				Base,
			);
			mainGroup = A1E842BB23CFA33C00A9A38A;
			productRefGroup = A1E842C523CFA33C00A9A38A /* Products */;
			projectDirPath = "";
			projectRoot = "";
			targets = (
				A1E842C323CFA33C00A9A38A /* practica4 */,
			);
		};
/* End PBXProject section */

/* Begin PBXResourcesBuildPhase section */
		A1E842C223CFA33C00A9A38A /* Resources */ = {
			isa = PBXResourcesBuildPhase;
			buildActionMask = 2147483647;
			files = (
				A1E842DD23CFA51D00A9A38A /* gato.jpeg in Resources */,
				A1E842D423CFA33E00A9A38A /* LaunchScreen.storyboard in Resources */,
				A1E842D123CFA33E00A9A38A /* Assets.xcassets in Resources */,
				A1E842DE23CFA51D00A9A38A /* cat.mp3 in Resources */,
				A1E842CF23CFA33C00A9A38A /* Main.storyboard in Resources */,
			);
			runOnlyForDeploymentPostprocessing = 0;
		};
/* End PBXResourcesBuildPhase section */

/* Begin PBXSourcesBuildPhase section */
		A1E842C023CFA33C00A9A38A /* Sources */ = {
			isa = PBXSourcesBuildPhase;
			buildActionMask = 2147483647;
			files = (
				A1E842CC23CFA33C00A9A38A /* ViewController.swift in Sources */,
				A1E842C823CFA33C00A9A38A /* AppDelegate.swift in Sources */,
				A1E842CA23CFA33C00A9A38A /* SceneDelegate.swift in Sources */,
			);
			runOnlyForDeploymentPostprocessing = 0;
		};
/* End PBXSourcesBuildPhase section */

/* Begin PBXVariantGroup section */
		A1E842CD23CFA33C00A9A38A /* Main.storyboard */ = {
			isa = PBXVariantGroup;
			children = (
				A1E842CE23CFA33C00A9A38A /* Base */,
			);
			name = Main.storyboard;
			sourceTree = "<group>";
		};
		A1E842D223CFA33E00A9A38A /* LaunchScreen.storyboard */ = {
			isa = PBXVariantGroup;
			children = (
				A1E842D323CFA33E00A9A38A /* Base */,
			);
			name = LaunchScreen.storyboard;
			sourceTree = "<group>";
		};
/* End PBXVariantGroup section */

/* Begin XCBuildConfiguration section */
		A1E842D623CFA33E00A9A38A /* Debug */ = {
			isa = XCBuildConfiguration;
			buildSettings = {
				ALWAYS_SEARCH_USER_PATHS = NO;
				CLANG_ANALYZER_NONNULL = YES;
				CLANG_ANALYZER_NUMBER_OBJECT_CONVERSION = YES_AGGRESSIVE;
				CLANG_CXX_LANGUAGE_STANDARD = "gnu++14";
				CLANG_CXX_LIBRARY = "libc++";
				CLANG_ENABLE_MODULES = YES;
				CLANG_ENABLE_OBJC_ARC = YES;
				CLANG_ENABLE_OBJC_WEAK = YES;
				CLANG_WARN_BLOCK_CAPTURE_AUTORELEASING = YES;
				CLANG_WARN_BOOL_CONVERSION = YES;
				CLANG_WARN_COMMA = YES;
				CLANG_WARN_CONSTANT_CONVERSION = YES;
				CLANG_WARN_DEPRECATED_OBJC_IMPLEMENTATIONS = YES;
				CLANG_WARN_DIRECT_OBJC_ISA_USAGE = YES_ERROR;
				CLANG_WARN_DOCUMENTATION_COMMENTS = YES;
				CLANG_WARN_EMPTY_BODY = YES;
				CLANG_WARN_ENUM_CONVERSION = YES;
				CLANG_WARN_INFINITE_RECURSION = YES;
				CLANG_WARN_INT_CONVERSION = YES;
				CLANG_WARN_NON_LITERAL_NULL_CONVERSION = YES;
				CLANG_WARN_OBJC_IMPLICIT_RETAIN_SELF = YES;
				CLANG_WARN_OBJC_LITERAL_CONVERSION = YES;
				CLANG_WARN_OBJC_ROOT_CLASS = YES_ERROR;
				CLANG_WARN_RANGE_LOOP_ANALYSIS = YES;
				CLANG_WARN_STRICT_PROTOTYPES = YES;
				CLANG_WARN_SUSPICIOUS_MOVE = YES;
				CLANG_WARN_UNGUARDED_AVAILABILITY = YES_AGGRESSIVE;
				CLANG_WARN_UNREACHABLE_CODE = YES;
				CLANG_WARN__DUPLICATE_METHOD_MATCH = YES;
				COPY_PHASE_STRIP = NO;
				DEBUG_INFORMATION_FORMAT = dwarf;
				ENABLE_STRICT_OBJC_MSGSEND = YES;
				ENABLE_TESTABILITY = YES;
				GCC_C_LANGUAGE_STANDARD = gnu11;
				GCC_DYNAMIC_NO_PIC = NO;
				GCC_NO_COMMON_BLOCKS = YES;
				GCC_OPTIMIZATION_LEVEL = 0;
				GCC_PREPROCESSOR_DEFINITIONS = (
					"DEBUG=1",
					"$(inherited)",
				);
				GCC_WARN_64_TO_32_BIT_CONVERSION = YES;
				GCC_WARN_ABOUT_RETURN_TYPE = YES_ERROR;
				GCC_WARN_UNDECLARED_SELECTOR = YES;
				GCC_WARN_UNINITIALIZED_AUTOS = YES_AGGRESSIVE;
				GCC_WARN_UNUSED_FUNCTION = YES;
				GCC_WARN_UNUSED_VARIABLE = YES;
				IPHONEOS_DEPLOYMENT_TARGET = 13.2;
				MTL_ENABLE_DEBUG_INFO = INCLUDE_SOURCE;
				MTL_FAST_MATH = YES;
				ONLY_ACTIVE_ARCH = YES;
				SDKROOT = iphoneos;
				SWIFT_ACTIVE_COMPILATION_CONDITIONS = DEBUG;
				SWIFT_OPTIMIZATION_LEVEL = "-Onone";
			};
			name = Debug;
		};
		A1E842D723CFA33E00A9A38A /* Release */ = {
			isa = XCBuildConfiguration;
			buildSettings = {
				ALWAYS_SEARCH_USER_PATHS = NO;
				CLANG_ANALYZER_NONNULL = YES;
				CLANG_ANALYZER_NUMBER_OBJECT_CONVERSION = YES_AGGRESSIVE;
				CLANG_CXX_LANGUAGE_STANDARD = "gnu++14";
				CLANG_CXX_LIBRARY = "libc++";
				CLANG_ENABLE_MODULES = YES;
				CLANG_ENABLE_OBJC_ARC = YES;
				CLANG_ENABLE_OBJC_WEAK = YES;
				CLANG_WARN_BLOCK_CAPTURE_AUTORELEASING = YES;
				CLANG_WARN_BOOL_CONVERSION = YES;
				CLANG_WARN_COMMA = YES;
				CLANG_WARN_CONSTANT_CONVERSION = YES;
				CLANG_WARN_DEPRECATED_OBJC_IMPLEMENTATIONS = YES;
				CLANG_WARN_DIRECT_OBJC_ISA_USAGE = YES_ERROR;
				CLANG_WARN_DOCUMENTATION_COMMENTS = YES;
				CLANG_WARN_EMPTY_BODY = YES;
				CLANG_WARN_ENUM_CONVERSION = YES;
				CLANG_WARN_INFINITE_RECURSION = YES;
				CLANG_WARN_INT_CONVERSION = YES;
				CLANG_WARN_NON_LITERAL_NULL_CONVERSION = YES;
				CLANG_WARN_OBJC_IMPLICIT_RETAIN_SELF = YES;
				CLANG_WARN_OBJC_LITERAL_CONVERSION = YES;
				CLANG_WARN_OBJC_ROOT_CLASS = YES_ERROR;
				CLANG_WARN_RANGE_LOOP_ANALYSIS = YES;
				CLANG_WARN_STRICT_PROTOTYPES = YES;
				CLANG_WARN_SUSPICIOUS_MOVE = YES;
				CLANG_WARN_UNGUARDED_AVAILABILITY = YES_AGGRESSIVE;
				CLANG_WARN_UNREACHABLE_CODE = YES;
				CLANG_WARN__DUPLICATE_METHOD_MATCH = YES;
				COPY_PHASE_STRIP = NO;
				DEBUG_INFORMATION_FORMAT = "dwarf-with-dsym";
				ENABLE_NS_ASSERTIONS = NO;
				ENABLE_STRICT_OBJC_MSGSEND = YES;
				GCC_C_LANGUAGE_STANDARD = gnu11;
				GCC_NO_COMMON_BLOCKS = YES;
				GCC_WARN_64_TO_32_BIT_CONVERSION = YES;
				GCC_WARN_ABOUT_RETURN_TYPE = YES_ERROR;
				GCC_WARN_UNDECLARED_SELECTOR = YES;
				GCC_WARN_UNINITIALIZED_AUTOS = YES_AGGRESSIVE;
				GCC_WARN_UNUSED_FUNCTION = YES;
				GCC_WARN_UNUSED_VARIABLE = YES;
				IPHONEOS_DEPLOYMENT_TARGET = 13.2;
				MTL_ENABLE_DEBUG_INFO = NO;
				MTL_FAST_MATH = YES;
				SDKROOT = iphoneos;
				SWIFT_COMPILATION_MODE = wholemodule;
				SWIFT_OPTIMIZATION_LEVEL = "-O";
				VALIDATE_PRODUCT = YES;
			};
			name = Release;
		};
		A1E842D923CFA33E00A9A38A /* Debug */ = {
			isa = XCBuildConfiguration;
			buildSettings = {
				ASSETCATALOG_COMPILER_APPICON_NAME = AppIcon;
				CODE_SIGN_STYLE = Automatic;
				INFOPLIST_FILE = practica4/Info.plist;
				LD_RUNPATH_SEARCH_PATHS = (
					"$(inherited)",
					"@executable_path/Frameworks",
				);
				PRODUCT_BUNDLE_IDENTIFIER = aaa.practica4;
				PRODUCT_NAME = "$(TARGET_NAME)";
				SWIFT_VERSION = 5.0;
				TARGETED_DEVICE_FAMILY = "1,2";
			};
			name = Debug;
		};
		A1E842DA23CFA33E00A9A38A /* Release */ = {
			isa = XCBuildConfiguration;
			buildSettings = {
				ASSETCATALOG_COMPILER_APPICON_NAME = AppIcon;
				CODE_SIGN_STYLE = Automatic;
				INFOPLIST_FILE = practica4/Info.plist;
				LD_RUNPATH_SEARCH_PATHS = (
					"$(inherited)",
					"@executable_path/Frameworks",
				);
				PRODUCT_BUNDLE_IDENTIFIER = aaa.practica4;
				PRODUCT_NAME = "$(TARGET_NAME)";
				SWIFT_VERSION = 5.0;
				TARGETED_DEVICE_FAMILY = "1,2";
			};
			name = Release;
		};
/* End XCBuildConfiguration section */

/* Begin XCConfigurationList section */
		A1E842BF23CFA33C00A9A38A /* Build configuration list for PBXProject "practica4" */ = {
			isa = XCConfigurationList;
			buildConfigurations = (
				A1E842D623CFA33E00A9A38A /* Debug */,
				A1E842D723CFA33E00A9A38A /* Release */,
			);
			defaultConfigurationIsVisible = 0;
			defaultConfigurationName = Release;
		};
		A1E842D823CFA33E00A9A38A /* Build configuration list for PBXNativeTarget "practica4" */ = {
			isa = XCConfigurationList;
			buildConfigurations = (
				A1E842D923CFA33E00A9A38A /* Debug */,
				A1E842DA23CFA33E00A9A38A /* Release */,
			);
			defaultConfigurationIsVisible = 0;
			defaultConfigurationName = Release;
		};
/* End XCConfigurationList section */
	};
	rootObject = A1E842BC23CFA33C00A9A38A /* Project object */;
}
